
Microsoft Visual Studio Solution File, Format Version 12.00
# Visual Studio Version 16
VisualStudioVersion = 16.0.31624.102
MinimumVisualStudioVersion = 10.0.40219.1
Project("{FAE04EC0-301F-11D3-BF4B-00C04F79EFBC}") = "INIEditor", "INIEditor.csproj", "{73324C00-72D8-4AA2-8A63-069B39D6B979}"
EndProject
Global
	GlobalSection(SolutionConfigurationPlatforms) = preSolution
		Debug|Any CPU = Debug|Any CPU
		Release|Any CPU = Release|Any CPU
	EndGlobalSection
	GlobalSection(ProjectConfigurationPlatforms) = postSolution
		{73324C00-72D8-4AA2-8A63-069B39D6B979}.Debug|Any CPU.ActiveCfg = Debug|Any CPU
		{73324C00-72D8-4AA2-8A63-069B39D6B979}.Debug|Any CPU.Build.0 = Debug|Any CPU
		{73324C00-72D8-4AA2-8A63-069B39D6B979}.Release|Any CPU.ActiveCfg = Release|Any CPU
		{73324C00-72D8-4AA2-8A63-069B39D6B979}.Release|Any CPU.Build.0 = Release|Any CPU
	EndGlobalSection
	GlobalSection(SolutionProperties) = preSolution
		HideSolutionNode = FALSE
	EndGlobalSection
	GlobalSection(ExtensibilityGlobals) = postSolution
		SolutionGuid = {1D66FF57-08AF-4273-85E5-E66AD326699C}
	EndGlobalSection
EndGlobal
